
Microsoft Visual Studio Solution File, Format Version 12.00
# Visual Studio 15
VisualStudioVersion = 15.0.28307.271
MinimumVisualStudioVersion = 10.0.40219.1
Project("{FAE04EC0-301F-11D3-BF4B-00C04F79EFBC}") = "PictureOrganizer", "src\PictureOrganizer\PictureOrganizer.csproj", "{AF491ED1-9B3C-47D2-B207-887015BB6722}"
EndProject
Global
	GlobalSection(SolutionConfigurationPlatforms) = preSolution
		Debug|Any CPU = Debug|Any CPU
		Release|Any CPU = Release|Any CPU
	EndGlobalSection
	GlobalSection(ProjectConfigurationPlatforms) = postSolution
		{AF491ED1-9B3C-47D2-B207-887015BB6722}.Debug|Any CPU.ActiveCfg = Debug|Any CPU
		{AF491ED1-9B3C-47D2-B207-887015BB6722}.Debug|Any CPU.Build.0 = Debug|Any CPU
		{AF491ED1-9B3C-47D2-B207-887015BB6722}.Release|Any CPU.ActiveCfg = Release|Any CPU
		{AF491ED1-9B3C-47D2-B207-887015BB6722}.Release|Any CPU.Build.0 = Release|Any CPU
	EndGlobalSection
	GlobalSection(SolutionProperties) = preSolution
		HideSolutionNode = FALSE
	EndGlobalSection
	GlobalSection(ExtensibilityGlobals) = postSolution
		SolutionGuid = {BBF7E332-41E6-4FC3-B14C-D345F1F93927}
	EndGlobalSection
EndGlobal
